{
  "name": "@vui/entry",
  "version": "0.0.0",
  "lockfileVersion": 2,
  "requires": true,
  "packages": {
    "": {
      "name": "@vui/entry",
      "version": "0.0.0",
      "license": "ISC",
      "devDependencies": {
        "vue-highlight.js": "^3.1.0"
      }
    },
    "node_modules/detect-indent": {
      "version": "5.0.0",
      "resolved": "https://registry.npm.taobao.org/detect-indent/download/detect-indent-5.0.0.tgz",
      "integrity": "sha1-OHHMCmoALow+Wzz38zYmRnXwa50=",
      "dev": true,
      "engines": {
        "node": ">=4"
      }
    },
    "node_modules/highlight.js": {
      "version": "9.18.5",
      "resolved": "https://registry.npm.taobao.org/highlight.js/download/highlight.js-9.18.5.tgz",
      "integrity": "sha1-0Yo1mGfzeME41oGe38KorNXymCU=",
      "deprecated": "Support has ended for 9.x series. Upgrade to @latest",
      "dev": true,
      "peer": true,
      "engines": {
        "node": "*"
      }
    },
    "node_modules/indent-string": {
      "version": "3.2.0",
      "resolved": "https://registry.npm.taobao.org/indent-string/download/indent-string-3.2.0.tgz",
      "integrity": "sha1-Sl/W0nzDMvN+VBmlBNu4NxBckok=",
      "dev": true,
      "engines": {
        "node": ">=4"
      }
    },
    "node_modules/redent": {
      "version": "2.0.0",
      "resolved": "https://registry.npm.taobao.org/redent/download/redent-2.0.0.tgz",
      "integrity": "sha1-wbIAe0LVfrE4kHmzyDM2OdXhzKo=",
      "dev": true,
      "dependencies": {
        "indent-string": "^3.0.0",
        "strip-indent": "^2.0.0"
      },
      "engines": {
        "node": ">=4"
      }
    },
    "node_modules/strip-indent": {
      "version": "2.0.0",
      "resolved": "https://registry.npm.taobao.org/strip-indent/download/strip-indent-2.0.0.tgz?cache=0&sync_timestamp=1602731441175&other_urls=https%3A%2F%2Fregistry.npm.taobao.org%2Fstrip-indent%2Fdownload%2Fstrip-indent-2.0.0.tgz",
      "integrity": "sha1-XvjbKV0B5u1sv3qrlpmNeCJSe2g=",
      "dev": true,
      "engines": {
        "node": ">=4"
      }
    },
    "node_modules/tslib": {
      "version": "1.14.1",
      "resolved": "https://registry.npm.taobao.org/tslib/download/tslib-1.14.1.tgz?cache=0&sync_timestamp=1609887446826&other_urls=https%3A%2F%2Fregistry.npm.taobao.org%2Ftslib%2Fdownload%2Ftslib-1.14.1.tgz",
      "integrity": "sha1-zy04vcNKE0vK8QkcQfZhni9nLQA=",
      "dev": true
    },
    "node_modules/vue": {
      "version": "2.6.12",
      "resolved": "https://registry.npm.taobao.org/vue/download/vue-2.6.12.tgz?cache=0&sync_timestamp=1609360160361&other_urls=https%3A%2F%2Fregistry.npm.taobao.org%2Fvue%2Fdownload%2Fvue-2.6.12.tgz",
      "integrity": "sha1-9evU+mvShpQD4pqJau1JBEVskSM=",
      "dev": true,
      "peer": true
    },
    "node_modules/vue-highlight.js": {
      "version": "3.1.0",
      "resolved": "https://registry.npm.taobao.org/vue-highlight.js/download/vue-highlight.js-3.1.0.tgz",
      "integrity": "sha1-h7YLSTH9MQsxjysskRb+cbad0FM=",
      "dev": true,
      "dependencies": {
        "detect-indent": "^5.0.0",
        "redent": "^2.0.0",
        "tslib": "^1.9.3"
      },
      "peerDependencies": {
        "highlight.js": "^9.11.0",
        "vue": "2"
      }
    }
  },
  "dependencies": {
    "detect-indent": {
      "version": "5.0.0",
      "resolved": "https://registry.npm.taobao.org/detect-indent/download/detect-indent-5.0.0.tgz",
      "integrity": "sha1-OHHMCmoALow+Wzz38zYmRnXwa50=",
      "dev": true
    },
    "highlight.js": {
      "version": "9.18.5",
      "resolved": "https://registry.npm.taobao.org/highlight.js/download/highlight.js-9.18.5.tgz",
      "integrity": "sha1-0Yo1mGfzeME41oGe38KorNXymCU=",
      "dev": true,
      "peer": true
    },
    "indent-string": {
      "version": "3.2.0",
      "resolved": "https://registry.npm.taobao.org/indent-string/download/indent-string-3.2.0.tgz",
      "integrity": "sha1-Sl/W0nzDMvN+VBmlBNu4NxBckok=",
      "dev": true
    },
    "redent": {
      "version": "2.0.0",
      "resolved": "https://registry.npm.taobao.org/redent/download/redent-2.0.0.tgz",
      "integrity": "sha1-wbIAe0LVfrE4kHmzyDM2OdXhzKo=",
      "dev": true,
      "requires": {
        "indent-string": "^3.0.0",
        "strip-indent": "^2.0.0"
      }
    },
    "strip-indent": {
      "version": "2.0.0",
      "resolved": "https://registry.npm.taobao.org/strip-indent/download/strip-indent-2.0.0.tgz?cache=0&sync_timestamp=1602731441175&other_urls=https%3A%2F%2Fregistry.npm.taobao.org%2Fstrip-indent%2Fdownload%2Fstrip-indent-2.0.0.tgz",
      "integrity": "sha1-XvjbKV0B5u1sv3qrlpmNeCJSe2g=",
      "dev": true
    },
    "tslib": {
      "version": "1.14.1",
      "resolved": "https://registry.npm.taobao.org/tslib/download/tslib-1.14.1.tgz?cache=0&sync_timestamp=1609887446826&other_urls=https%3A%2F%2Fregistry.npm.taobao.org%2Ftslib%2Fdownload%2Ftslib-1.14.1.tgz",
      "integrity": "sha1-zy04vcNKE0vK8QkcQfZhni9nLQA=",
      "dev": true
    },
    "vue": {
      "version": "2.6.12",
      "resolved": "https://registry.npm.taobao.org/vue/download/vue-2.6.12.tgz?cache=0&sync_timestamp=1609360160361&other_urls=https%3A%2F%2Fregistry.npm.taobao.org%2Fvue%2Fdownload%2Fvue-2.6.12.tgz",
      "integrity": "sha1-9evU+mvShpQD4pqJau1JBEVskSM=",
      "dev": true,
      "peer": true
    },
    "vue-highlight.js": {
      "version": "3.1.0",
      "resolved": "https://registry.npm.taobao.org/vue-highlight.js/download/vue-highlight.js-3.1.0.tgz",
      "integrity": "sha1-h7YLSTH9MQsxjysskRb+cbad0FM=",
      "dev": true,
      "requires": {
        "detect-indent": "^5.0.0",
        "redent": "^2.0.0",
        "tslib": "^1.9.3"
      }
    }
  }
}
